
Microsoft Visual Studio Solution File, Format Version 12.00
# Visual Studio Version 16
VisualStudioVersion = 16.0.810.6
MinimumVisualStudioVersion = 10.0.40219.1
Project("{FAE04EC0-301F-11D3-BF4B-00C04F79EFBC}") = "EventsDelegates", "EventsDelegates\EventsDelegates.csproj", "{858EB93E-803D-4910-9C8F-5C1B9FE45E31}"
EndProject
Global
	GlobalSection(SolutionConfigurationPlatforms) = preSolution
		Debug|anycpu = Debug|anycpu
		Release|anycpu = Release|anycpu
	EndGlobalSection
	GlobalSection(ProjectConfigurationPlatforms) = postSolution
		{858EB93E-803D-4910-9C8F-5C1B9FE45E31}.Debug|anycpu.ActiveCfg = Debug|anycpu
		{858EB93E-803D-4910-9C8F-5C1B9FE45E31}.Debug|anycpu.Build.0 = Debug|anycpu
		{858EB93E-803D-4910-9C8F-5C1B9FE45E31}.Release|anycpu.ActiveCfg = Release|anycpu
		{858EB93E-803D-4910-9C8F-5C1B9FE45E31}.Release|anycpu.Build.0 = Release|anycpu
	EndGlobalSection
	GlobalSection(SolutionProperties) = preSolution
		HideSolutionNode = FALSE
	EndGlobalSection
	GlobalSection(ExtensibilityGlobals) = postSolution
		SolutionGuid = {65F97985-73C5-41AB-A22A-D3A23EE3CB6C}
	EndGlobalSection
EndGlobal
